
Microsoft Visual Studio Solution File, Format Version 12.00
# Visual Studio 2012
Project("{8BC9CEB8-8B4A-11D0-8D11-00A0C91BC942}") = "ExtHash", "ExtHash\ExtHash.vcxproj", "{81C1ED37-BDB7-4F93-AFC6-4AC23C17D50E}"
EndProject
Global
	GlobalSection(SolutionConfigurationPlatforms) = preSolution
		Debug|Win32 = Debug|Win32
		Release|Win32 = Release|Win32
	EndGlobalSection
	GlobalSection(ProjectConfigurationPlatforms) = postSolution
		{81C1ED37-BDB7-4F93-AFC6-4AC23C17D50E}.Debug|Win32.ActiveCfg = Debug|Win32
		{81C1ED37-BDB7-4F93-AFC6-4AC23C17D50E}.Debug|Win32.Build.0 = Debug|Win32
		{81C1ED37-BDB7-4F93-AFC6-4AC23C17D50E}.Release|Win32.ActiveCfg = Release|Win32
		{81C1ED37-BDB7-4F93-AFC6-4AC23C17D50E}.Release|Win32.Build.0 = Release|Win32
	EndGlobalSection
	GlobalSection(SolutionProperties) = preSolution
		HideSolutionNode = FALSE
	EndGlobalSection
EndGlobal
